// !$*UTF8*$!
{
	archiveVersion = 1;
	classes = {
	};
	objectVersion = 50;
	objects = {

/* Begin PBXBuildFile section */
		72D2A5C725D4F4CF004C48CE /* SampleDentakuAppApp.swift in Sources */ = {isa = PBXBuildFile; fileRef = 72D2A5C625D4F4CF004C48CE /* SampleDentakuAppApp.swift */; };
		72D2A5C925D4F4CF004C48CE /* ContentView.swift in Sources */ = {isa = PBXBuildFile; fileRef = 72D2A5C825D4F4CF004C48CE /* ContentView.swift */; };
		72D2A5CB25D4F4D1004C48CE /* Assets.xcassets in Resources */ = {isa = PBXBuildFile; fileRef = 72D2A5CA25D4F4D1004C48CE /* Assets.xcassets */; };
		72D2A5CE25D4F4D1004C48CE /* Preview Assets.xcassets in Resources */ = {isa = PBXBuildFile; fileRef = 72D2A5CD25D4F4D1004C48CE /* Preview Assets.xcassets */; };
		72D2A5D925D4F4D2004C48CE /* SampleDentakuAppTests.swift in Sources */ = {isa = PBXBuildFile; fileRef = 72D2A5D825D4F4D2004C48CE /* SampleDentakuAppTests.swift */; };
		72D2A5E425D4F4D2004C48CE /* SampleDentakuAppUITests.swift in Sources */ = {isa = PBXBuildFile; fileRef = 72D2A5E325D4F4D2004C48CE /* SampleDentakuAppUITests.swift */; };
/* End PBXBuildFile section */

/* Begin PBXContainerItemProxy section */
		72D2A5D525D4F4D2004C48CE /* PBXContainerItemProxy */ = {
			isa = PBXContainerItemProxy;
			containerPortal = 72D2A5BB25D4F4CF004C48CE /* Project object */;
			proxyType = 1;
			remoteGlobalIDString = 72D2A5C225D4F4CF004C48CE;
			remoteInfo = SampleDentakuApp;
		};
		72D2A5E025D4F4D2004C48CE /* PBXContainerItemProxy */ = {
			isa = PBXContainerItemProxy;
			containerPortal = 72D2A5BB25D4F4CF004C48CE /* Project object */;
			proxyType = 1;
			remoteGlobalIDString = 72D2A5C225D4F4CF004C48CE;
			remoteInfo = SampleDentakuApp;
		};
/* End PBXContainerItemProxy section */

/* Begin PBXFileReference section */
		72D2A5C325D4F4CF004C48CE /* SampleDentakuApp.app */ = {isa = PBXFileReference; explicitFileType = wrapper.application; includeInIndex = 0; path = SampleDentakuApp.app; sourceTree = BUILT_PRODUCTS_DIR; };
		72D2A5C625D4F4CF004C48CE /* SampleDentakuAppApp.swift */ = {isa = PBXFileReference; lastKnownFileType = sourcecode.swift; path = SampleDentakuAppApp.swift; sourceTree = "<group>"; };
		72D2A5C825D4F4CF004C48CE /* ContentView.swift */ = {isa = PBXFileReference; lastKnownFileType = sourcecode.swift; path = ContentView.swift; sourceTree = "<group>"; };
		72D2A5CA25D4F4D1004C48CE /* Assets.xcassets */ = {isa = PBXFileReference; lastKnownFileType = folder.assetcatalog; path = Assets.xcassets; sourceTree = "<group>"; };
		72D2A5CD25D4F4D1004C48CE /* Preview Assets.xcassets */ = {isa = PBXFileReference; lastKnownFileType = folder.assetcatalog; path = "Preview Assets.xcassets"; sourceTree = "<group>"; };
		72D2A5CF25D4F4D1004C48CE /* Info.plist */ = {isa = PBXFileReference; lastKnownFileType = text.plist.xml; path = Info.plist; sourceTree = "<group>"; };
		72D2A5D425D4F4D2004C48CE /* SampleDentakuAppTests.xctest */ = {isa = PBXFileReference; explicitFileType = wrapper.cfbundle; includeInIndex = 0; path = SampleDentakuAppTests.xctest; sourceTree = BUILT_PRODUCTS_DIR; };
		72D2A5D825D4F4D2004C48CE /* SampleDentakuAppTests.swift */ = {isa = PBXFileReference; lastKnownFileType = sourcecode.swift; path = SampleDentakuAppTests.swift; sourceTree = "<group>"; };
		72D2A5DA25D4F4D2004C48CE /* Info.plist */ = {isa = PBXFileReference; lastKnownFileType = text.plist.xml; path = Info.plist; sourceTree = "<group>"; };
		72D2A5DF25D4F4D2004C48CE /* SampleDentakuAppUITests.xctest */ = {isa = PBXFileReference; explicitFileType = wrapper.cfbundle; includeInIndex = 0; path = SampleDentakuAppUITests.xctest; sourceTree = BUILT_PRODUCTS_DIR; };
		72D2A5E325D4F4D2004C48CE /* SampleDentakuAppUITests.swift */ = {isa = PBXFileReference; lastKnownFileType = sourcecode.swift; path = SampleDentakuAppUITests.swift; sourceTree = "<group>"; };
		72D2A5E525D4F4D2004C48CE /* Info.plist */ = {isa = PBXFileReference; lastKnownFileType = text.plist.xml; path = Info.plist; sourceTree = "<group>"; };
/* End PBXFileReference section */

/* Begin PBXFrameworksBuildPhase section */
		72D2A5C025D4F4CF004C48CE /* Frameworks */ = {
			isa = PBXFrameworksBuildPhase;
			buildActionMask = 2147483647;
			files = (
			);
			runOnlyForDeploymentPostprocessing = 0;
		};
		72D2A5D125D4F4D2004C48CE /* Frameworks */ = {
			isa = PBXFrameworksBuildPhase;
			buildActionMask = 2147483647;
			files = (
			);
			runOnlyForDeploymentPostprocessing = 0;
		};
		72D2A5DC25D4F4D2004C48CE /* Frameworks */ = {
			isa = PBXFrameworksBuildPhase;
			buildActionMask = 2147483647;
			files = (
			);
			runOnlyForDeploymentPostprocessing = 0;
		};
/* End PBXFrameworksBuildPhase section */

/* Begin PBXGroup section */
		72D2A5BA25D4F4CF004C48CE = {
			isa = PBXGroup;
			children = (
				72D2A5C525D4F4CF004C48CE /* SampleDentakuApp */,
				72D2A5D725D4F4D2004C48CE /* SampleDentakuAppTests */,
				72D2A5E225D4F4D2004C48CE /* SampleDentakuAppUITests */,
				72D2A5C425D4F4CF004C48CE /* Products */,
			);
			sourceTree = "<group>";
		};
		72D2A5C425D4F4CF004C48CE /* Products */ = {
			isa = PBXGroup;
			children = (
				72D2A5C325D4F4CF004C48CE /* SampleDentakuApp.app */,
				72D2A5D425D4F4D2004C48CE /* SampleDentakuAppTests.xctest */,
				72D2A5DF25D4F4D2004C48CE /* SampleDentakuAppUITests.xctest */,
			);
			name = Products;
			sourceTree = "<group>";
		};
		72D2A5C525D4F4CF004C48CE /* SampleDentakuApp */ = {
			isa = PBXGroup;
			children = (
				72D2A5C625D4F4CF004C48CE /* SampleDentakuAppApp.swift */,
				72D2A5C825D4F4CF004C48CE /* ContentView.swift */,
				72D2A5CA25D4F4D1004C48CE /* Assets.xcassets */,
				72D2A5CF25D4F4D1004C48CE /* Info.plist */,
				72D2A5CC25D4F4D1004C48CE /* Preview Content */,
			);
			path = SampleDentakuApp;
			sourceTree = "<group>";
		};
		72D2A5CC25D4F4D1004C48CE /* Preview Content */ = {
			isa = PBXGroup;
			children = (
				72D2A5CD25D4F4D1004C48CE /* Preview Assets.xcassets */,
			);
			path = "Preview Content";
			sourceTree = "<group>";
		};
		72D2A5D725D4F4D2004C48CE /* SampleDentakuAppTests */ = {
			isa = PBXGroup;
			children = (
				72D2A5D825D4F4D2004C48CE /* SampleDentakuAppTests.swift */,
				72D2A5DA25D4F4D2004C48CE /* Info.plist */,
			);
			path = SampleDentakuAppTests;
			sourceTree = "<group>";
		};
		72D2A5E225D4F4D2004C48CE /* SampleDentakuAppUITests */ = {
			isa = PBXGroup;
			children = (
				72D2A5E325D4F4D2004C48CE /* SampleDentakuAppUITests.swift */,
				72D2A5E525D4F4D2004C48CE /* Info.plist */,
			);
			path = SampleDentakuAppUITests;
			sourceTree = "<group>";
		};
/* End PBXGroup section */

/* Begin PBXNativeTarget section */
		72D2A5C225D4F4CF004C48CE /* SampleDentakuApp */ = {
			isa = PBXNativeTarget;
			buildConfigurationList = 72D2A5E825D4F4D2004C48CE /* Build configuration list for PBXNativeTarget "SampleDentakuApp" */;
			buildPhases = (
				72D2A5BF25D4F4CF004C48CE /* Sources */,
				72D2A5C025D4F4CF004C48CE /* Frameworks */,
				72D2A5C125D4F4CF004C48CE /* Resources */,
			);
			buildRules = (
			);
			dependencies = (
			);
			name = SampleDentakuApp;
			productName = SampleDentakuApp;
			productReference = 72D2A5C325D4F4CF004C48CE /* SampleDentakuApp.app */;
			productType = "com.apple.product-type.application";
		};
		72D2A5D325D4F4D2004C48CE /* SampleDentakuAppTests */ = {
			isa = PBXNativeTarget;
			buildConfigurationList = 72D2A5EB25D4F4D2004C48CE /* Build configuration list for PBXNativeTarget "SampleDentakuAppTests" */;
			buildPhases = (
				72D2A5D025D4F4D2004C48CE /* Sources */,
				72D2A5D125D4F4D2004C48CE /* Frameworks */,
				72D2A5D225D4F4D2004C48CE /* Resources */,
			);
			buildRules = (
			);
			dependencies = (
				72D2A5D625D4F4D2004C48CE /* PBXTargetDependency */,
			);
			name = SampleDentakuAppTests;
			productName = SampleDentakuAppTests;
			productReference = 72D2A5D425D4F4D2004C48CE /* SampleDentakuAppTests.xctest */;
			productType = "com.apple.product-type.bundle.unit-test";
		};
		72D2A5DE25D4F4D2004C48CE /* SampleDentakuAppUITests */ = {
			isa = PBXNativeTarget;
			buildConfigurationList = 72D2A5EE25D4F4D2004C48CE /* Build configuration list for PBXNativeTarget "SampleDentakuAppUITests" */;
			buildPhases = (
				72D2A5DB25D4F4D2004C48CE /* Sources */,
				72D2A5DC25D4F4D2004C48CE /* Frameworks */,
				72D2A5DD25D4F4D2004C48CE /* Resources */,
			);
			buildRules = (
			);
			dependencies = (
				72D2A5E125D4F4D2004C48CE /* PBXTargetDependency */,
			);
			name = SampleDentakuAppUITests;
			productName = SampleDentakuAppUITests;
			productReference = 72D2A5DF25D4F4D2004C48CE /* SampleDentakuAppUITests.xctest */;
			productType = "com.apple.product-type.bundle.ui-testing";
		};
/* End PBXNativeTarget section */

/* Begin PBXProject section */
		72D2A5BB25D4F4CF004C48CE /* Project object */ = {
			isa = PBXProject;
			attributes = {
				LastSwiftUpdateCheck = 1240;
				LastUpgradeCheck = 1240;
				TargetAttributes = {
					72D2A5C225D4F4CF004C48CE = {
						CreatedOnToolsVersion = 12.4;
					};
					72D2A5D325D4F4D2004C48CE = {
						CreatedOnToolsVersion = 12.4;
						TestTargetID = 72D2A5C225D4F4CF004C48CE;
					};
					72D2A5DE25D4F4D2004C48CE = {
						CreatedOnToolsVersion = 12.4;
						TestTargetID = 72D2A5C225D4F4CF004C48CE;
					};
				};
			};
			buildConfigurationList = 72D2A5BE25D4F4CF004C48CE /* Build configuration list for PBXProject "SampleDentakuApp" */;
			compatibilityVersion = "Xcode 9.3";
			developmentRegion = en;
			hasScannedForEncodings = 0;
			knownRegions = (
				en,
				Base,
			);
			mainGroup = 72D2A5BA25D4F4CF004C48CE;
			productRefGroup = 72D2A5C425D4F4CF004C48CE /* Products */;
			projectDirPath = "";
			projectRoot = "";
			targets = (
				72D2A5C225D4F4CF004C48CE /* SampleDentakuApp */,
				72D2A5D325D4F4D2004C48CE /* SampleDentakuAppTests */,
				72D2A5DE25D4F4D2004C48CE /* SampleDentakuAppUITests */,
			);
		};
/* End PBXProject section */

/* Begin PBXResourcesBuildPhase section */
		72D2A5C125D4F4CF004C48CE /* Resources */ = {
			isa = PBXResourcesBuildPhase;
			buildActionMask = 2147483647;
			files = (
				72D2A5CE25D4F4D1004C48CE /* Preview Assets.xcassets in Resources */,
				72D2A5CB25D4F4D1004C48CE /* Assets.xcassets in Resources */,
			);
			runOnlyForDeploymentPostprocessing = 0;
		};
		72D2A5D225D4F4D2004C48CE /* Resources */ = {
			isa = PBXResourcesBuildPhase;
			buildActionMask = 2147483647;
			files = (
			);
			runOnlyForDeploymentPostprocessing = 0;
		};
		72D2A5DD25D4F4D2004C48CE /* Resources */ = {
			isa = PBXResourcesBuildPhase;
			buildActionMask = 2147483647;
			files = (
			);
			runOnlyForDeploymentPostprocessing = 0;
		};
/* End PBXResourcesBuildPhase section */

/* Begin PBXSourcesBuildPhase section */
		72D2A5BF25D4F4CF004C48CE /* Sources */ = {
			isa = PBXSourcesBuildPhase;
			buildActionMask = 2147483647;
			files = (
				72D2A5C925D4F4CF004C48CE /* ContentView.swift in Sources */,
				72D2A5C725D4F4CF004C48CE /* SampleDentakuAppApp.swift in Sources */,
			);
			runOnlyForDeploymentPostprocessing = 0;
		};
		72D2A5D025D4F4D2004C48CE /* Sources */ = {
			isa = PBXSourcesBuildPhase;
			buildActionMask = 2147483647;
			files = (
				72D2A5D925D4F4D2004C48CE /* SampleDentakuAppTests.swift in Sources */,
			);
			runOnlyForDeploymentPostprocessing = 0;
		};
		72D2A5DB25D4F4D2004C48CE /* Sources */ = {
			isa = PBXSourcesBuildPhase;
			buildActionMask = 2147483647;
			files = (
				72D2A5E425D4F4D2004C48CE /* SampleDentakuAppUITests.swift in Sources */,
			);
			runOnlyForDeploymentPostprocessing = 0;
		};
/* End PBXSourcesBuildPhase section */

/* Begin PBXTargetDependency section */
		72D2A5D625D4F4D2004C48CE /* PBXTargetDependency */ = {
			isa = PBXTargetDependency;
			target = 72D2A5C225D4F4CF004C48CE /* SampleDentakuApp */;
			targetProxy = 72D2A5D525D4F4D2004C48CE /* PBXContainerItemProxy */;
		};
		72D2A5E125D4F4D2004C48CE /* PBXTargetDependency */ = {
			isa = PBXTargetDependency;
			target = 72D2A5C225D4F4CF004C48CE /* SampleDentakuApp */;
			targetProxy = 72D2A5E025D4F4D2004C48CE /* PBXContainerItemProxy */;
		};
/* End PBXTargetDependency section */

/* Begin XCBuildConfiguration section */
		72D2A5E625D4F4D2004C48CE /* Debug */ = {
			isa = XCBuildConfiguration;
			buildSettings = {
				ALWAYS_SEARCH_USER_PATHS = NO;
				CLANG_ANALYZER_NONNULL = YES;
				CLANG_ANALYZER_NUMBER_OBJECT_CONVERSION = YES_AGGRESSIVE;
				CLANG_CXX_LANGUAGE_STANDARD = "gnu++14";
				CLANG_CXX_LIBRARY = "libc++";
				CLANG_ENABLE_MODULES = YES;
				CLANG_ENABLE_OBJC_ARC = YES;
				CLANG_ENABLE_OBJC_WEAK = YES;
				CLANG_WARN_BLOCK_CAPTURE_AUTORELEASING = YES;
				CLANG_WARN_BOOL_CONVERSION = YES;
				CLANG_WARN_COMMA = YES;
				CLANG_WARN_CONSTANT_CONVERSION = YES;
				CLANG_WARN_DEPRECATED_OBJC_IMPLEMENTATIONS = YES;
				CLANG_WARN_DIRECT_OBJC_ISA_USAGE = YES_ERROR;
				CLANG_WARN_DOCUMENTATION_COMMENTS = YES;
				CLANG_WARN_EMPTY_BODY = YES;
				CLANG_WARN_ENUM_CONVERSION = YES;
				CLANG_WARN_INFINITE_RECURSION = YES;
				CLANG_WARN_INT_CONVERSION = YES;
				CLANG_WARN_NON_LITERAL_NULL_CONVERSION = YES;
				CLANG_WARN_OBJC_IMPLICIT_RETAIN_SELF = YES;
				CLANG_WARN_OBJC_LITERAL_CONVERSION = YES;
				CLANG_WARN_OBJC_ROOT_CLASS = YES_ERROR;
				CLANG_WARN_QUOTED_INCLUDE_IN_FRAMEWORK_HEADER = YES;
				CLANG_WARN_RANGE_LOOP_ANALYSIS = YES;
				CLANG_WARN_STRICT_PROTOTYPES = YES;
				CLANG_WARN_SUSPICIOUS_MOVE = YES;
				CLANG_WARN_UNGUARDED_AVAILABILITY = YES_AGGRESSIVE;
				CLANG_WARN_UNREACHABLE_CODE = YES;
				CLANG_WARN__DUPLICATE_METHOD_MATCH = YES;
				COPY_PHASE_STRIP = NO;
				DEBUG_INFORMATION_FORMAT = dwarf;
				ENABLE_STRICT_OBJC_MSGSEND = YES;
				ENABLE_TESTABILITY = YES;
				GCC_C_LANGUAGE_STANDARD = gnu11;
				GCC_DYNAMIC_NO_PIC = NO;
				GCC_NO_COMMON_BLOCKS = YES;
				GCC_OPTIMIZATION_LEVEL = 0;
				GCC_PREPROCESSOR_DEFINITIONS = (
					"DEBUG=1",
					"$(inherited)",
				);
				GCC_WARN_64_TO_32_BIT_CONVERSION = YES;
				GCC_WARN_ABOUT_RETURN_TYPE = YES_ERROR;
				GCC_WARN_UNDECLARED_SELECTOR = YES;
				GCC_WARN_UNINITIALIZED_AUTOS = YES_AGGRESSIVE;
				GCC_WARN_UNUSED_FUNCTION = YES;
				GCC_WARN_UNUSED_VARIABLE = YES;
				IPHONEOS_DEPLOYMENT_TARGET = 14.4;
				MTL_ENABLE_DEBUG_INFO = INCLUDE_SOURCE;
				MTL_FAST_MATH = YES;
				ONLY_ACTIVE_ARCH = YES;
				SDKROOT = iphoneos;
				SWIFT_ACTIVE_COMPILATION_CONDITIONS = DEBUG;
				SWIFT_OPTIMIZATION_LEVEL = "-Onone";
			};
			name = Debug;
		};
		72D2A5E725D4F4D2004C48CE /* Release */ = {
			isa = XCBuildConfiguration;
			buildSettings = {
				ALWAYS_SEARCH_USER_PATHS = NO;
				CLANG_ANALYZER_NONNULL = YES;
				CLANG_ANALYZER_NUMBER_OBJECT_CONVERSION = YES_AGGRESSIVE;
				CLANG_CXX_LANGUAGE_STANDARD = "gnu++14";
				CLANG_CXX_LIBRARY = "libc++";
				CLANG_ENABLE_MODULES = YES;
				CLANG_ENABLE_OBJC_ARC = YES;
				CLANG_ENABLE_OBJC_WEAK = YES;
				CLANG_WARN_BLOCK_CAPTURE_AUTORELEASING = YES;
				CLANG_WARN_BOOL_CONVERSION = YES;
				CLANG_WARN_COMMA = YES;
				CLANG_WARN_CONSTANT_CONVERSION = YES;
				CLANG_WARN_DEPRECATED_OBJC_IMPLEMENTATIONS = YES;
				CLANG_WARN_DIRECT_OBJC_ISA_USAGE = YES_ERROR;
				CLANG_WARN_DOCUMENTATION_COMMENTS = YES;
				CLANG_WARN_EMPTY_BODY = YES;
				CLANG_WARN_ENUM_CONVERSION = YES;
				CLANG_WARN_INFINITE_RECURSION = YES;
				CLANG_WARN_INT_CONVERSION = YES;
				CLANG_WARN_NON_LITERAL_NULL_CONVERSION = YES;
				CLANG_WARN_OBJC_IMPLICIT_RETAIN_SELF = YES;
				CLANG_WARN_OBJC_LITERAL_CONVERSION = YES;
				CLANG_WARN_OBJC_ROOT_CLASS = YES_ERROR;
				CLANG_WARN_QUOTED_INCLUDE_IN_FRAMEWORK_HEADER = YES;
				CLANG_WARN_RANGE_LOOP_ANALYSIS = YES;
				CLANG_WARN_STRICT_PROTOTYPES = YES;
				CLANG_WARN_SUSPICIOUS_MOVE = YES;
				CLANG_WARN_UNGUARDED_AVAILABILITY = YES_AGGRESSIVE;
				CLANG_WARN_UNREACHABLE_CODE = YES;
				CLANG_WARN__DUPLICATE_METHOD_MATCH = YES;
				COPY_PHASE_STRIP = NO;
				DEBUG_INFORMATION_FORMAT = "dwarf-with-dsym";
				ENABLE_NS_ASSERTIONS = NO;
				ENABLE_STRICT_OBJC_MSGSEND = YES;
				GCC_C_LANGUAGE_STANDARD = gnu11;
				GCC_NO_COMMON_BLOCKS = YES;
				GCC_WARN_64_TO_32_BIT_CONVERSION = YES;
				GCC_WARN_ABOUT_RETURN_TYPE = YES_ERROR;
				GCC_WARN_UNDECLARED_SELECTOR = YES;
				GCC_WARN_UNINITIALIZED_AUTOS = YES_AGGRESSIVE;
				GCC_WARN_UNUSED_FUNCTION = YES;
				GCC_WARN_UNUSED_VARIABLE = YES;
				IPHONEOS_DEPLOYMENT_TARGET = 14.4;
				MTL_ENABLE_DEBUG_INFO = NO;
				MTL_FAST_MATH = YES;
				SDKROOT = iphoneos;
				SWIFT_COMPILATION_MODE = wholemodule;
				SWIFT_OPTIMIZATION_LEVEL = "-O";
				VALIDATE_PRODUCT = YES;
			};
			name = Release;
		};
		72D2A5E925D4F4D2004C48CE /* Debug */ = {
			isa = XCBuildConfiguration;
			buildSettings = {
				ASSETCATALOG_COMPILER_APPICON_NAME = AppIcon;
				ASSETCATALOG_COMPILER_GLOBAL_ACCENT_COLOR_NAME = AccentColor;
				CODE_SIGN_STYLE = Automatic;
				DEVELOPMENT_ASSET_PATHS = "\"SampleDentakuApp/Preview Content\"";
				ENABLE_PREVIEWS = YES;
				INFOPLIST_FILE = SampleDentakuApp/Info.plist;
				IPHONEOS_DEPLOYMENT_TARGET = 14.0;
				LD_RUNPATH_SEARCH_PATHS = (
					"$(inherited)",
					"@executable_path/Frameworks",
				);
				PRODUCT_BUNDLE_IDENTIFIER = nao.sato.SampleDentakuApp;
				PRODUCT_NAME = "$(TARGET_NAME)";
				SWIFT_VERSION = 5.0;
				TARGETED_DEVICE_FAMILY = "1,2";
			};
			name = Debug;
		};
		72D2A5EA25D4F4D2004C48CE /* Release */ = {
			isa = XCBuildConfiguration;
			buildSettings = {
				ASSETCATALOG_COMPILER_APPICON_NAME = AppIcon;
				ASSETCATALOG_COMPILER_GLOBAL_ACCENT_COLOR_NAME = AccentColor;
				CODE_SIGN_STYLE = Automatic;
				DEVELOPMENT_ASSET_PATHS = "\"SampleDentakuApp/Preview Content\"";
				ENABLE_PREVIEWS = YES;
				INFOPLIST_FILE = SampleDentakuApp/Info.plist;
				IPHONEOS_DEPLOYMENT_TARGET = 14.0;
				LD_RUNPATH_SEARCH_PATHS = (
					"$(inherited)",
					"@executable_path/Frameworks",
				);
				PRODUCT_BUNDLE_IDENTIFIER = nao.sato.SampleDentakuApp;
				PRODUCT_NAME = "$(TARGET_NAME)";
				SWIFT_VERSION = 5.0;
				TARGETED_DEVICE_FAMILY = "1,2";
			};
			name = Release;
		};
		72D2A5EC25D4F4D2004C48CE /* Debug */ = {
			isa = XCBuildConfiguration;
			buildSettings = {
				ALWAYS_EMBED_SWIFT_STANDARD_LIBRARIES = YES;
				BUNDLE_LOADER = "$(TEST_HOST)";
				CODE_SIGN_STYLE = Automatic;
				INFOPLIST_FILE = SampleDentakuAppTests/Info.plist;
				IPHONEOS_DEPLOYMENT_TARGET = 14.0;
				LD_RUNPATH_SEARCH_PATHS = (
					"$(inherited)",
					"@executable_path/Frameworks",
					"@loader_path/Frameworks",
				);
				PRODUCT_BUNDLE_IDENTIFIER = nao.sato.SampleDentakuAppTests;
				PRODUCT_NAME = "$(TARGET_NAME)";
				SWIFT_VERSION = 5.0;
				TARGETED_DEVICE_FAMILY = "1,2";
				TEST_HOST = "$(BUILT_PRODUCTS_DIR)/SampleDentakuApp.app/SampleDentakuApp";
			};
			name = Debug;
		};
		72D2A5ED25D4F4D2004C48CE /* Release */ = {
			isa = XCBuildConfiguration;
			buildSettings = {
				ALWAYS_EMBED_SWIFT_STANDARD_LIBRARIES = YES;
				BUNDLE_LOADER = "$(TEST_HOST)";
				CODE_SIGN_STYLE = Automatic;
				INFOPLIST_FILE = SampleDentakuAppTests/Info.plist;
				IPHONEOS_DEPLOYMENT_TARGET = 14.0;
				LD_RUNPATH_SEARCH_PATHS = (
					"$(inherited)",
					"@executable_path/Frameworks",
					"@loader_path/Frameworks",
				);
				PRODUCT_BUNDLE_IDENTIFIER = nao.sato.SampleDentakuAppTests;
				PRODUCT_NAME = "$(TARGET_NAME)";
				SWIFT_VERSION = 5.0;
				TARGETED_DEVICE_FAMILY = "1,2";
				TEST_HOST = "$(BUILT_PRODUCTS_DIR)/SampleDentakuApp.app/SampleDentakuApp";
			};
			name = Release;
		};
		72D2A5EF25D4F4D2004C48CE /* Debug */ = {
			isa = XCBuildConfiguration;
			buildSettings = {
				ALWAYS_EMBED_SWIFT_STANDARD_LIBRARIES = YES;
				CODE_SIGN_STYLE = Automatic;
				INFOPLIST_FILE = SampleDentakuAppUITests/Info.plist;
				LD_RUNPATH_SEARCH_PATHS = (
					"$(inherited)",
					"@executable_path/Frameworks",
					"@loader_path/Frameworks",
				);
				PRODUCT_BUNDLE_IDENTIFIER = nao.sato.SampleDentakuAppUITests;
				PRODUCT_NAME = "$(TARGET_NAME)";
				SWIFT_VERSION = 5.0;
				TARGETED_DEVICE_FAMILY = "1,2";
				TEST_TARGET_NAME = SampleDentakuApp;
			};
			name = Debug;
		};
		72D2A5F025D4F4D2004C48CE /* Release */ = {
			isa = XCBuildConfiguration;
			buildSettings = {
				ALWAYS_EMBED_SWIFT_STANDARD_LIBRARIES = YES;
				CODE_SIGN_STYLE = Automatic;
				INFOPLIST_FILE = SampleDentakuAppUITests/Info.plist;
				LD_RUNPATH_SEARCH_PATHS = (
					"$(inherited)",
					"@executable_path/Frameworks",
					"@loader_path/Frameworks",
				);
				PRODUCT_BUNDLE_IDENTIFIER = nao.sato.SampleDentakuAppUITests;
				PRODUCT_NAME = "$(TARGET_NAME)";
				SWIFT_VERSION = 5.0;
				TARGETED_DEVICE_FAMILY = "1,2";
				TEST_TARGET_NAME = SampleDentakuApp;
			};
			name = Release;
		};
/* End XCBuildConfiguration section */

/* Begin XCConfigurationList section */
		72D2A5BE25D4F4CF004C48CE /* Build configuration list for PBXProject "SampleDentakuApp" */ = {
			isa = XCConfigurationList;
			buildConfigurations = (
				72D2A5E625D4F4D2004C48CE /* Debug */,
				72D2A5E725D4F4D2004C48CE /* Release */,
			);
			defaultConfigurationIsVisible = 0;
			defaultConfigurationName = Release;
		};
		72D2A5E825D4F4D2004C48CE /* Build configuration list for PBXNativeTarget "SampleDentakuApp" */ = {
			isa = XCConfigurationList;
			buildConfigurations = (
				72D2A5E925D4F4D2004C48CE /* Debug */,
				72D2A5EA25D4F4D2004C48CE /* Release */,
			);
			defaultConfigurationIsVisible = 0;
			defaultConfigurationName = Release;
		};
		72D2A5EB25D4F4D2004C48CE /* Build configuration list for PBXNativeTarget "SampleDentakuAppTests" */ = {
			isa = XCConfigurationList;
			buildConfigurations = (
				72D2A5EC25D4F4D2004C48CE /* Debug */,
				72D2A5ED25D4F4D2004C48CE /* Release */,
			);
			defaultConfigurationIsVisible = 0;
			defaultConfigurationName = Release;
		};
		72D2A5EE25D4F4D2004C48CE /* Build configuration list for PBXNativeTarget "SampleDentakuAppUITests" */ = {
			isa = XCConfigurationList;
			buildConfigurations = (
				72D2A5EF25D4F4D2004C48CE /* Debug */,
				72D2A5F025D4F4D2004C48CE /* Release */,
			);
			defaultConfigurationIsVisible = 0;
			defaultConfigurationName = Release;
		};
/* End XCConfigurationList section */
	};
	rootObject = 72D2A5BB25D4F4CF004C48CE /* Project object */;
}
